
Microsoft Visual Studio Solution File, Format Version 12.00
# Visual Studio 15
VisualStudioVersion = 15.0.27703.2042
MinimumVisualStudioVersion = 10.0.40219.1
Project("{FAE04EC0-301F-11D3-BF4B-00C04F79EFBC}") = "Models", "Models\Models.csproj", "{359C4762-A91D-4EF8-B338-0300E7826CC8}"
EndProject
Project("{FAE04EC0-301F-11D3-BF4B-00C04F79EFBC}") = "Api", "Api\Api.csproj", "{2BFD7C57-EC42-4208-ACEC-E83A6CE60B08}"
EndProject
Project("{FAE04EC0-301F-11D3-BF4B-00C04F79EFBC}") = "Web", "Web\Web.csproj", "{6C830E7A-1EEE-4114-AAE3-279C2AA288E3}"
EndProject
Global
	GlobalSection(SolutionConfigurationPlatforms) = preSolution
		Debug|Any CPU = Debug|Any CPU
		Release|Any CPU = Release|Any CPU
	EndGlobalSection
	GlobalSection(ProjectConfigurationPlatforms) = postSolution
		{359C4762-A91D-4EF8-B338-0300E7826CC8}.Debug|Any CPU.ActiveCfg = Debug|Any CPU
		{359C4762-A91D-4EF8-B338-0300E7826CC8}.Debug|Any CPU.Build.0 = Debug|Any CPU
		{359C4762-A91D-4EF8-B338-0300E7826CC8}.Release|Any CPU.ActiveCfg = Release|Any CPU
		{359C4762-A91D-4EF8-B338-0300E7826CC8}.Release|Any CPU.Build.0 = Release|Any CPU
		{2BFD7C57-EC42-4208-ACEC-E83A6CE60B08}.Debug|Any CPU.ActiveCfg = Debug|Any CPU
		{2BFD7C57-EC42-4208-ACEC-E83A6CE60B08}.Debug|Any CPU.Build.0 = Debug|Any CPU
		{2BFD7C57-EC42-4208-ACEC-E83A6CE60B08}.Release|Any CPU.ActiveCfg = Release|Any CPU
		{2BFD7C57-EC42-4208-ACEC-E83A6CE60B08}.Release|Any CPU.Build.0 = Release|Any CPU
		{6C830E7A-1EEE-4114-AAE3-279C2AA288E3}.Debug|Any CPU.ActiveCfg = Debug|Any CPU
		{6C830E7A-1EEE-4114-AAE3-279C2AA288E3}.Debug|Any CPU.Build.0 = Debug|Any CPU
		{6C830E7A-1EEE-4114-AAE3-279C2AA288E3}.Release|Any CPU.ActiveCfg = Release|Any CPU
		{6C830E7A-1EEE-4114-AAE3-279C2AA288E3}.Release|Any CPU.Build.0 = Release|Any CPU
	EndGlobalSection
	GlobalSection(SolutionProperties) = preSolution
		HideSolutionNode = FALSE
	EndGlobalSection
	GlobalSection(ExtensibilityGlobals) = postSolution
		SolutionGuid = {4B527F45-F58B-41F0-B671-633CC5A1643D}
	EndGlobalSection
EndGlobal
